
Microsoft Visual Studio Solution File, Format Version 12.00
# Visual Studio Version 17
VisualStudioVersion = 17.7.34221.43
MinimumVisualStudioVersion = 10.0.40219.1
Project("{FAE04EC0-301F-11D3-BF4B-00C04F79EFBC}") = "CalisanYonetimSistemi", "CalisanYonetimSistemi.csproj", "{AEEFC059-3472-46FD-8BA9-8570ED291CBA}"
EndProject
Global
	GlobalSection(SolutionConfigurationPlatforms) = preSolution
		Debug|Any CPU = Debug|Any CPU
		Release|Any CPU = Release|Any CPU
	EndGlobalSection
	GlobalSection(ProjectConfigurationPlatforms) = postSolution
		{AEEFC059-3472-46FD-8BA9-8570ED291CBA}.Debug|Any CPU.ActiveCfg = Debug|Any CPU
		{AEEFC059-3472-46FD-8BA9-8570ED291CBA}.Debug|Any CPU.Build.0 = Debug|Any CPU
		{AEEFC059-3472-46FD-8BA9-8570ED291CBA}.Release|Any CPU.ActiveCfg = Release|Any CPU
		{AEEFC059-3472-46FD-8BA9-8570ED291CBA}.Release|Any CPU.Build.0 = Release|Any CPU
	EndGlobalSection
	GlobalSection(SolutionProperties) = preSolution
		HideSolutionNode = FALSE
	EndGlobalSection
	GlobalSection(ExtensibilityGlobals) = postSolution
		SolutionGuid = {69E9BCE9-FD50-4563-99CE-A153E5AF29E1}
	EndGlobalSection
EndGlobal
